
Microsoft Visual Studio Solution File, Format Version 12.00
# Visual Studio Version 16
VisualStudioVersion = 16.0.31129.286
MinimumVisualStudioVersion = 10.0.40219.1
Project("{FAE04EC0-301F-11D3-BF4B-00C04F79EFBC}") = "ChartJS", "ChartJS.csproj", "{F8985AEC-1D89-4DF5-A303-8E0BC3678011}"
EndProject
Global
	GlobalSection(SolutionConfigurationPlatforms) = preSolution
		Debug|Any CPU = Debug|Any CPU
		Release|Any CPU = Release|Any CPU
	EndGlobalSection
	GlobalSection(ProjectConfigurationPlatforms) = postSolution
		{F8985AEC-1D89-4DF5-A303-8E0BC3678011}.Debug|Any CPU.ActiveCfg = Debug|Any CPU
		{F8985AEC-1D89-4DF5-A303-8E0BC3678011}.Debug|Any CPU.Build.0 = Debug|Any CPU
		{F8985AEC-1D89-4DF5-A303-8E0BC3678011}.Release|Any CPU.ActiveCfg = Release|Any CPU
		{F8985AEC-1D89-4DF5-A303-8E0BC3678011}.Release|Any CPU.Build.0 = Release|Any CPU
	EndGlobalSection
	GlobalSection(SolutionProperties) = preSolution
		HideSolutionNode = FALSE
	EndGlobalSection
	GlobalSection(ExtensibilityGlobals) = postSolution
		SolutionGuid = {51173F83-80C4-410C-8F77-3F59D39CE67E}
	EndGlobalSection
EndGlobal
